
Microsoft Visual Studio Solution File, Format Version 12.00
# Visual Studio 2012
Project("{2150E333-8FDC-42A3-9474-1A3956D46DE8}") = "FrontEnd", "FrontEnd", "{8D642ACD-488E-4C39-9DBB-FBE9BF3055C2}"
EndProject
Project("{FAE04EC0-301F-11D3-BF4B-00C04F79EFBC}") = "ApplicationPC", "FrontEnd\ApplicationPC\ApplicationPC.csproj", "{C374250A-A011-4563-8FF6-26E518561F0D}"
EndProject
Project("{2150E333-8FDC-42A3-9474-1A3956D46DE8}") = "BackEnd", "BackEnd", "{0E4EE9A2-465C-48CD-A313-199AD4D8816A}"
EndProject
Project("{FAE04EC0-301F-11D3-BF4B-00C04F79EFBC}") = "Domain", "BackEnd\Domain\Domain.csproj", "{8409D5EC-FDCD-4CCE-8802-892C4F0B907A}"
EndProject
Project("{2150E333-8FDC-42A3-9474-1A3956D46DE8}") = "Library", "Library", "{58F09D22-91AE-4E32-BB82-FA4B163EBC4A}"
EndProject
Project("{2150E333-8FDC-42A3-9474-1A3956D46DE8}") = "Core", "Core", "{EE94C58B-6240-4964-9C0E-20E8022E9933}"
EndProject
Project("{2150E333-8FDC-42A3-9474-1A3956D46DE8}") = "Util", "Util", "{2B6E1891-81CC-4B3A-9198-D76A71519738}"
EndProject
Project("{FAE04EC0-301F-11D3-BF4B-00C04F79EFBC}") = "Images", "Library\Util\Images\Images.csproj", "{358639D6-6BB7-42BB-911B-2D10E1D05D00}"
EndProject
Global
	GlobalSection(SolutionConfigurationPlatforms) = preSolution
		Debug|Any CPU = Debug|Any CPU
		Release|Any CPU = Release|Any CPU
	EndGlobalSection
	GlobalSection(ProjectConfigurationPlatforms) = postSolution
		{C374250A-A011-4563-8FF6-26E518561F0D}.Debug|Any CPU.ActiveCfg = Debug|Any CPU
		{C374250A-A011-4563-8FF6-26E518561F0D}.Debug|Any CPU.Build.0 = Debug|Any CPU
		{C374250A-A011-4563-8FF6-26E518561F0D}.Release|Any CPU.ActiveCfg = Release|Any CPU
		{C374250A-A011-4563-8FF6-26E518561F0D}.Release|Any CPU.Build.0 = Release|Any CPU
		{8409D5EC-FDCD-4CCE-8802-892C4F0B907A}.Debug|Any CPU.ActiveCfg = Debug|Any CPU
		{8409D5EC-FDCD-4CCE-8802-892C4F0B907A}.Debug|Any CPU.Build.0 = Debug|Any CPU
		{8409D5EC-FDCD-4CCE-8802-892C4F0B907A}.Release|Any CPU.ActiveCfg = Release|Any CPU
		{8409D5EC-FDCD-4CCE-8802-892C4F0B907A}.Release|Any CPU.Build.0 = Release|Any CPU
		{358639D6-6BB7-42BB-911B-2D10E1D05D00}.Debug|Any CPU.ActiveCfg = Debug|Any CPU
		{358639D6-6BB7-42BB-911B-2D10E1D05D00}.Debug|Any CPU.Build.0 = Debug|Any CPU
		{358639D6-6BB7-42BB-911B-2D10E1D05D00}.Release|Any CPU.ActiveCfg = Release|Any CPU
		{358639D6-6BB7-42BB-911B-2D10E1D05D00}.Release|Any CPU.Build.0 = Release|Any CPU
	EndGlobalSection
	GlobalSection(SolutionProperties) = preSolution
		HideSolutionNode = FALSE
	EndGlobalSection
	GlobalSection(NestedProjects) = preSolution
		{C374250A-A011-4563-8FF6-26E518561F0D} = {8D642ACD-488E-4C39-9DBB-FBE9BF3055C2}
		{8409D5EC-FDCD-4CCE-8802-892C4F0B907A} = {0E4EE9A2-465C-48CD-A313-199AD4D8816A}
		{EE94C58B-6240-4964-9C0E-20E8022E9933} = {58F09D22-91AE-4E32-BB82-FA4B163EBC4A}
		{2B6E1891-81CC-4B3A-9198-D76A71519738} = {58F09D22-91AE-4E32-BB82-FA4B163EBC4A}
		{358639D6-6BB7-42BB-911B-2D10E1D05D00} = {2B6E1891-81CC-4B3A-9198-D76A71519738}
	EndGlobalSection
EndGlobal
